# This file is automatically @generated by Cargo.
# It is not intended for manual editing.
version = 4

[[package]]
name = "media-editor-abi"
version = "0.0.1"
dependencies = [
 "media-editor-core",
]

[[package]]
name = "media-editor-app"
version = "0.0.1"
dependencies = [
 "media-editor-abi",
 "media-editor-audio",
 "media-editor-core",
 "media-editor-io",
 "media-editor-media",
 "media-editor-model",
 "media-editor-render",
]

[[package]]
name = "media-editor-audio"
version = "0.0.1"
dependencies = [
 "media-editor-core",
]

[[package]]
name = "media-editor-core"
version = "0.0.1"

[[package]]
name = "media-editor-io"
version = "0.0.1"
dependencies = [
 "media-editor-abi",
 "media-editor-audio",
 "media-editor-core",
 "media-editor-media",
 "media-editor-model",
 "media-editor-render",
]

[[package]]
name = "media-editor-media"
version = "0.0.1"
dependencies = [
 "media-editor-core",
]

[[package]]
name = "media-editor-model"
version = "0.0.1"
dependencies = [
 "media-editor-core",
]

[[package]]
name = "media-editor-render"
version = "0.0.1"
dependencies = [
 "media-editor-core",
 "media-editor-media",
]

[[package]]
name = "media-editor-rt"
version = "0.0.1"
dependencies = [
 "media-editor-abi",
]
